
Microsoft Visual Studio Solution File, Format Version 12.00
# Visual Studio Version 17
VisualStudioVersion = 17.6.33723.286
MinimumVisualStudioVersion = 10.0.40219.1
Project("{FAE04EC0-301F-11D3-BF4B-00C04F79EFBC}") = "Generics4", "Generics4\Generics4.csproj", "{5D267243-8DAB-4233-BE9A-4579B3F96373}"
EndProject
Global
	GlobalSection(SolutionConfigurationPlatforms) = preSolution
		Debug|Any CPU = Debug|Any CPU
		Release|Any CPU = Release|Any CPU
	EndGlobalSection
	GlobalSection(ProjectConfigurationPlatforms) = postSolution
		{5D267243-8DAB-4233-BE9A-4579B3F96373}.Debug|Any CPU.ActiveCfg = Debug|Any CPU
		{5D267243-8DAB-4233-BE9A-4579B3F96373}.Debug|Any CPU.Build.0 = Debug|Any CPU
		{5D267243-8DAB-4233-BE9A-4579B3F96373}.Release|Any CPU.ActiveCfg = Release|Any CPU
		{5D267243-8DAB-4233-BE9A-4579B3F96373}.Release|Any CPU.Build.0 = Release|Any CPU
	EndGlobalSection
	GlobalSection(SolutionProperties) = preSolution
		HideSolutionNode = FALSE
	EndGlobalSection
	GlobalSection(ExtensibilityGlobals) = postSolution
		SolutionGuid = {3F4DB3B6-9D0E-45B8-8867-65048E45CE2E}
	EndGlobalSection
EndGlobal
